
Microsoft Visual Studio Solution File, Format Version 9.00
# Visual Studio 2005
Project("{8BC9CEB8-8B4A-11D0-8D11-00A0C91BC942}") = "libcstl", "libcstl.vcproj", "{C4943BD3-E304-41F0-A81B-9151F3E3BB5B}"
EndProject
Project("{8BC9CEB8-8B4A-11D0-8D11-00A0C91BC942}") = "libcstl_test", "libcstl_test.vcproj", "{E941D795-1C39-4FFE-B5E0-F746290D8A94}"
	ProjectSection(ProjectDependencies) = postProject
		{C4943BD3-E304-41F0-A81B-9151F3E3BB5B} = {C4943BD3-E304-41F0-A81B-9151F3E3BB5B}
	EndProjectSection
EndProject
Global
	GlobalSection(SolutionConfigurationPlatforms) = preSolution
		Debug|Win32 = Debug|Win32
		Release|Win32 = Release|Win32
	EndGlobalSection
	GlobalSection(ProjectConfigurationPlatforms) = postSolution
		{C4943BD3-E304-41F0-A81B-9151F3E3BB5B}.Debug|Win32.ActiveCfg = Debug|Win32
		{C4943BD3-E304-41F0-A81B-9151F3E3BB5B}.Debug|Win32.Build.0 = Debug|Win32
		{C4943BD3-E304-41F0-A81B-9151F3E3BB5B}.Release|Win32.ActiveCfg = Release|Win32
		{C4943BD3-E304-41F0-A81B-9151F3E3BB5B}.Release|Win32.Build.0 = Release|Win32
		{E941D795-1C39-4FFE-B5E0-F746290D8A94}.Debug|Win32.ActiveCfg = Debug|Win32
		{E941D795-1C39-4FFE-B5E0-F746290D8A94}.Debug|Win32.Build.0 = Debug|Win32
		{E941D795-1C39-4FFE-B5E0-F746290D8A94}.Release|Win32.ActiveCfg = Release|Win32
		{E941D795-1C39-4FFE-B5E0-F746290D8A94}.Release|Win32.Build.0 = Release|Win32
	EndGlobalSection
	GlobalSection(SolutionProperties) = preSolution
		HideSolutionNode = FALSE
	EndGlobalSection
EndGlobal
