
Microsoft Visual Studio Solution File, Format Version 9.00
# Visual Studio 2005
Project("{8BC9CEB8-8B4A-11D0-8D11-00A0C91BC942}") = "libcstl", "libcstl.vcproj", "{C4943BD3-E304-41F0-A81B-9151F3E3BB5B}"
EndProject
Project("{8BC9CEB8-8B4A-11D0-8D11-00A0C91BC942}") = "libcstl_ut", "libcstl_ut.vcproj", "{A649F6A0-4441-4372-97C4-D5FBAE74479D}"
EndProject
Global
	GlobalSection(SolutionConfigurationPlatforms) = preSolution
		Debug|Win32 = Debug|Win32
		Release|Win32 = Release|Win32
	EndGlobalSection
	GlobalSection(ProjectConfigurationPlatforms) = postSolution
		{C4943BD3-E304-41F0-A81B-9151F3E3BB5B}.Debug|Win32.ActiveCfg = Debug|Win32
		{C4943BD3-E304-41F0-A81B-9151F3E3BB5B}.Debug|Win32.Build.0 = Debug|Win32
		{C4943BD3-E304-41F0-A81B-9151F3E3BB5B}.Release|Win32.ActiveCfg = Release|Win32
		{C4943BD3-E304-41F0-A81B-9151F3E3BB5B}.Release|Win32.Build.0 = Release|Win32
		{A649F6A0-4441-4372-97C4-D5FBAE74479D}.Debug|Win32.ActiveCfg = Debug|Win32
		{A649F6A0-4441-4372-97C4-D5FBAE74479D}.Debug|Win32.Build.0 = Debug|Win32
		{A649F6A0-4441-4372-97C4-D5FBAE74479D}.Release|Win32.ActiveCfg = Release|Win32
		{A649F6A0-4441-4372-97C4-D5FBAE74479D}.Release|Win32.Build.0 = Release|Win32
	EndGlobalSection
	GlobalSection(SolutionProperties) = preSolution
		HideSolutionNode = FALSE
	EndGlobalSection
EndGlobal
