
Microsoft Visual Studio Solution File, Format Version 10.00
# Visual Studio 2008
Project("{8BC9CEB8-8B4A-11D0-8D11-00A0C91BC942}") = "libcstl", "libcstl.vcproj", "{729D68EC-884C-4F0A-AF3E-05E19E7B5996}"
EndProject
Project("{8BC9CEB8-8B4A-11D0-8D11-00A0C91BC942}") = "libcstl_ut", "libcstl_ut.vcproj", "{4BA41810-3237-4738-B408-682D60FF7CDB}"
EndProject
Global
	GlobalSection(SolutionConfigurationPlatforms) = preSolution
		Debug|Win32 = Debug|Win32
		Release|Win32 = Release|Win32
	EndGlobalSection
	GlobalSection(ProjectConfigurationPlatforms) = postSolution
		{729D68EC-884C-4F0A-AF3E-05E19E7B5996}.Debug|Win32.ActiveCfg = Debug|Win32
		{729D68EC-884C-4F0A-AF3E-05E19E7B5996}.Debug|Win32.Build.0 = Debug|Win32
		{729D68EC-884C-4F0A-AF3E-05E19E7B5996}.Release|Win32.ActiveCfg = Release|Win32
		{729D68EC-884C-4F0A-AF3E-05E19E7B5996}.Release|Win32.Build.0 = Release|Win32
		{4BA41810-3237-4738-B408-682D60FF7CDB}.Debug|Win32.ActiveCfg = Debug|Win32
		{4BA41810-3237-4738-B408-682D60FF7CDB}.Debug|Win32.Build.0 = Debug|Win32
		{4BA41810-3237-4738-B408-682D60FF7CDB}.Release|Win32.ActiveCfg = Release|Win32
		{4BA41810-3237-4738-B408-682D60FF7CDB}.Release|Win32.Build.0 = Release|Win32
	EndGlobalSection
	GlobalSection(SolutionProperties) = preSolution
		HideSolutionNode = FALSE
	EndGlobalSection
EndGlobal
